
Microsoft Visual Studio Solution File, Format Version 12.00
# Visual Studio Version 16
VisualStudioVersion = 16.0.30804.86
MinimumVisualStudioVersion = 10.0.40219.1
Project("{FAE04EC0-301F-11D3-BF4B-00C04F79EFBC}") = "LoodsmanCommon", "LoodsmanCommon\LoodsmanCommon.csproj", "{BE524691-43B1-4DA1-8795-ED2D229B5559}"
EndProject
Global
	GlobalSection(SolutionConfigurationPlatforms) = preSolution
		Debug|Any CPU = Debug|Any CPU
		Release|Any CPU = Release|Any CPU
	EndGlobalSection
	GlobalSection(ProjectConfigurationPlatforms) = postSolution
		{BE524691-43B1-4DA1-8795-ED2D229B5559}.Debug|Any CPU.ActiveCfg = Debug|Any CPU
		{BE524691-43B1-4DA1-8795-ED2D229B5559}.Debug|Any CPU.Build.0 = Debug|Any CPU
		{BE524691-43B1-4DA1-8795-ED2D229B5559}.Release|Any CPU.ActiveCfg = Release|Any CPU
		{BE524691-43B1-4DA1-8795-ED2D229B5559}.Release|Any CPU.Build.0 = Release|Any CPU
	EndGlobalSection
	GlobalSection(SolutionProperties) = preSolution
		HideSolutionNode = FALSE
	EndGlobalSection
	GlobalSection(ExtensibilityGlobals) = postSolution
		SolutionGuid = {55EA2672-FC76-451E-AD60-7831CDE9F149}
	EndGlobalSection
EndGlobal
