
Microsoft Visual Studio Solution File, Format Version 12.00
# Visual Studio Version 16
VisualStudioVersion = 16.0.30804.86
MinimumVisualStudioVersion = 10.0.40219.1
Project("{FAE04EC0-301F-11D3-BF4B-00C04F79EFBC}") = "LoodsmanCommon", "LoodsmanCommon\LoodsmanCommon.csproj", "{0F7B3337-8D79-46B4-BCEF-462E73E1BCDA}"
EndProject
Project("{FAE04EC0-301F-11D3-BF4B-00C04F79EFBC}") = "LoodsmanCommon.Demo", "LoodsmanCommon.Demo\LoodsmanCommon.Demo.csproj", "{C3685DAB-81BC-4F05-9B29-E3E49E1F439A}"
EndProject
Global
	GlobalSection(SolutionConfigurationPlatforms) = preSolution
		Debug|Any CPU = Debug|Any CPU
		Release|Any CPU = Release|Any CPU
	EndGlobalSection
	GlobalSection(ProjectConfigurationPlatforms) = postSolution
		{0F7B3337-8D79-46B4-BCEF-462E73E1BCDA}.Debug|Any CPU.ActiveCfg = Debug|Any CPU
		{0F7B3337-8D79-46B4-BCEF-462E73E1BCDA}.Debug|Any CPU.Build.0 = Debug|Any CPU
		{0F7B3337-8D79-46B4-BCEF-462E73E1BCDA}.Release|Any CPU.ActiveCfg = Release|Any CPU
		{0F7B3337-8D79-46B4-BCEF-462E73E1BCDA}.Release|Any CPU.Build.0 = Release|Any CPU
		{C3685DAB-81BC-4F05-9B29-E3E49E1F439A}.Debug|Any CPU.ActiveCfg = Debug|Any CPU
		{C3685DAB-81BC-4F05-9B29-E3E49E1F439A}.Debug|Any CPU.Build.0 = Debug|Any CPU
		{C3685DAB-81BC-4F05-9B29-E3E49E1F439A}.Release|Any CPU.ActiveCfg = Release|Any CPU
		{C3685DAB-81BC-4F05-9B29-E3E49E1F439A}.Release|Any CPU.Build.0 = Release|Any CPU
	EndGlobalSection
	GlobalSection(SolutionProperties) = preSolution
		HideSolutionNode = FALSE
	EndGlobalSection
	GlobalSection(ExtensibilityGlobals) = postSolution
		SolutionGuid = {55EA2672-FC76-451E-AD60-7831CDE9F149}
	EndGlobalSection
EndGlobal
